// !$*UTF8*$!
{
	archiveVersion = 1;
	classes = {
	};
	objectVersion = 55;
	objects = {

/* Begin PBXBuildFile section */
		C804AF87274161370062C886 /* Background.sks in Resources */ = {isa = PBXBuildFile; fileRef = C804AF86274161370062C886 /* Background.sks */; };
		C81B962B273D85E500249A13 /* Player.swift in Sources */ = {isa = PBXBuildFile; fileRef = C81B962A273D85E500249A13 /* Player.swift */; };
		C8338380273D8DC300B78B63 /* level_1.json in Resources */ = {isa = PBXBuildFile; fileRef = C833837F273D8DC300B78B63 /* level_1.json */; };
		C8338382273D9C4D00B78B63 /* TilemapLoader.swift in Sources */ = {isa = PBXBuildFile; fileRef = C8338381273D9C4D00B78B63 /* TilemapLoader.swift */; };
		C880B0B1273A2B6300590586 /* AppDelegate.swift in Sources */ = {isa = PBXBuildFile; fileRef = C880B0B0273A2B6300590586 /* AppDelegate.swift */; };
		C880B0B7273A2B6300590586 /* GameScene.swift in Sources */ = {isa = PBXBuildFile; fileRef = C880B0B6273A2B6300590586 /* GameScene.swift */; };
		C880B0B9273A2B6300590586 /* ViewController.swift in Sources */ = {isa = PBXBuildFile; fileRef = C880B0B8273A2B6300590586 /* ViewController.swift */; };
		C880B0BB273A2B6400590586 /* Assets.xcassets in Resources */ = {isa = PBXBuildFile; fileRef = C880B0BA273A2B6400590586 /* Assets.xcassets */; };
		C880B0BE273A2B6400590586 /* Main.storyboard in Resources */ = {isa = PBXBuildFile; fileRef = C880B0BC273A2B6400590586 /* Main.storyboard */; };
		C8C75104274075C300C0813E /* Entity.swift in Sources */ = {isa = PBXBuildFile; fileRef = C8C75103274075C300C0813E /* Entity.swift */; };
/* End PBXBuildFile section */

/* Begin PBXFileReference section */
		C804AF86274161370062C886 /* Background.sks */ = {isa = PBXFileReference; lastKnownFileType = file.sks; path = Background.sks; sourceTree = "<group>"; };
		C81B962A273D85E500249A13 /* Player.swift */ = {isa = PBXFileReference; lastKnownFileType = sourcecode.swift; path = Player.swift; sourceTree = "<group>"; };
		C833837F273D8DC300B78B63 /* level_1.json */ = {isa = PBXFileReference; fileEncoding = 4; lastKnownFileType = text.json; path = level_1.json; sourceTree = "<group>"; };
		C8338381273D9C4D00B78B63 /* TilemapLoader.swift */ = {isa = PBXFileReference; lastKnownFileType = sourcecode.swift; path = TilemapLoader.swift; sourceTree = "<group>"; };
		C880B0AD273A2B6300590586 /* gamejam.app */ = {isa = PBXFileReference; explicitFileType = wrapper.application; includeInIndex = 0; path = gamejam.app; sourceTree = BUILT_PRODUCTS_DIR; };
		C880B0B0273A2B6300590586 /* AppDelegate.swift */ = {isa = PBXFileReference; lastKnownFileType = sourcecode.swift; path = AppDelegate.swift; sourceTree = "<group>"; };
		C880B0B6273A2B6300590586 /* GameScene.swift */ = {isa = PBXFileReference; indentWidth = 4; lastKnownFileType = sourcecode.swift; path = GameScene.swift; sourceTree = "<group>"; tabWidth = 4; };
		C880B0B8273A2B6300590586 /* ViewController.swift */ = {isa = PBXFileReference; indentWidth = 4; lastKnownFileType = sourcecode.swift; path = ViewController.swift; sourceTree = "<group>"; tabWidth = 4; };
		C880B0BA273A2B6400590586 /* Assets.xcassets */ = {isa = PBXFileReference; lastKnownFileType = folder.assetcatalog; path = Assets.xcassets; sourceTree = "<group>"; };
		C880B0BD273A2B6400590586 /* Base */ = {isa = PBXFileReference; lastKnownFileType = file.storyboard; name = Base; path = Base.lproj/Main.storyboard; sourceTree = "<group>"; };
		C880B0BF273A2B6400590586 /* gamejam.entitlements */ = {isa = PBXFileReference; lastKnownFileType = text.plist.entitlements; path = gamejam.entitlements; sourceTree = "<group>"; };
		C8C75103274075C300C0813E /* Entity.swift */ = {isa = PBXFileReference; lastKnownFileType = sourcecode.swift; path = Entity.swift; sourceTree = "<group>"; };
/* End PBXFileReference section */

/* Begin PBXFrameworksBuildPhase section */
		C880B0AA273A2B6300590586 /* Frameworks */ = {
			isa = PBXFrameworksBuildPhase;
			buildActionMask = 2147483647;
			files = (
			);
			runOnlyForDeploymentPostprocessing = 0;
		};
/* End PBXFrameworksBuildPhase section */

/* Begin PBXGroup section */
		C880B0A4273A2B6300590586 = {
			isa = PBXGroup;
			children = (
				C880B0AF273A2B6300590586 /* gamejam */,
				C880B0AE273A2B6300590586 /* Products */,
			);
			sourceTree = "<group>";
		};
		C880B0AE273A2B6300590586 /* Products */ = {
			isa = PBXGroup;
			children = (
				C880B0AD273A2B6300590586 /* gamejam.app */,
			);
			name = Products;
			sourceTree = "<group>";
		};
		C880B0AF273A2B6300590586 /* gamejam */ = {
			isa = PBXGroup;
			children = (
				C804AF86274161370062C886 /* Background.sks */,
				C8D2CF0B273D8CDD00774B99 /* levels */,
				C880B0B0273A2B6300590586 /* AppDelegate.swift */,
				C880B0B6273A2B6300590586 /* GameScene.swift */,
				C880B0B8273A2B6300590586 /* ViewController.swift */,
				C880B0BA273A2B6400590586 /* Assets.xcassets */,
				C880B0BC273A2B6400590586 /* Main.storyboard */,
				C880B0BF273A2B6400590586 /* gamejam.entitlements */,
				C81B962A273D85E500249A13 /* Player.swift */,
				C8338381273D9C4D00B78B63 /* TilemapLoader.swift */,
				C8C75103274075C300C0813E /* Entity.swift */,
			);
			path = gamejam;
			sourceTree = "<group>";
		};
		C8D2CF0B273D8CDD00774B99 /* levels */ = {
			isa = PBXGroup;
			children = (
				C833837F273D8DC300B78B63 /* level_1.json */,
			);
			path = levels;
			sourceTree = "<group>";
		};
/* End PBXGroup section */

/* Begin PBXNativeTarget section */
		C880B0AC273A2B6300590586 /* gamejam */ = {
			isa = PBXNativeTarget;
			buildConfigurationList = C880B0C2273A2B6400590586 /* Build configuration list for PBXNativeTarget "gamejam" */;
			buildPhases = (
				C880B0A9273A2B6300590586 /* Sources */,
				C880B0AA273A2B6300590586 /* Frameworks */,
				C880B0AB273A2B6300590586 /* Resources */,
			);
			buildRules = (
			);
			dependencies = (
			);
			name = gamejam;
			productName = gamejam;
			productReference = C880B0AD273A2B6300590586 /* gamejam.app */;
			productType = "com.apple.product-type.application";
		};
/* End PBXNativeTarget section */

/* Begin PBXProject section */
		C880B0A5273A2B6300590586 /* Project object */ = {
			isa = PBXProject;
			attributes = {
				BuildIndependentTargetsInParallel = 1;
				LastSwiftUpdateCheck = 1310;
				LastUpgradeCheck = 1310;
				TargetAttributes = {
					C880B0AC273A2B6300590586 = {
						CreatedOnToolsVersion = 13.1;
					};
				};
			};
			buildConfigurationList = C880B0A8273A2B6300590586 /* Build configuration list for PBXProject "gamejam" */;
			compatibilityVersion = "Xcode 13.0";
			developmentRegion = en;
			hasScannedForEncodings = 0;
			knownRegions = (
				en,
				Base,
			);
			mainGroup = C880B0A4273A2B6300590586;
			productRefGroup = C880B0AE273A2B6300590586 /* Products */;
			projectDirPath = "";
			projectRoot = "";
			targets = (
				C880B0AC273A2B6300590586 /* gamejam */,
			);
		};
/* End PBXProject section */

/* Begin PBXResourcesBuildPhase section */
		C880B0AB273A2B6300590586 /* Resources */ = {
			isa = PBXResourcesBuildPhase;
			buildActionMask = 2147483647;
			files = (
				C880B0BB273A2B6400590586 /* Assets.xcassets in Resources */,
				C804AF87274161370062C886 /* Background.sks in Resources */,
				C880B0BE273A2B6400590586 /* Main.storyboard in Resources */,
				C8338380273D8DC300B78B63 /* level_1.json in Resources */,
			);
			runOnlyForDeploymentPostprocessing = 0;
		};
/* End PBXResourcesBuildPhase section */

/* Begin PBXSourcesBuildPhase section */
		C880B0A9273A2B6300590586 /* Sources */ = {
			isa = PBXSourcesBuildPhase;
			buildActionMask = 2147483647;
			files = (
				C880B0B9273A2B6300590586 /* ViewController.swift in Sources */,
				C8C75104274075C300C0813E /* Entity.swift in Sources */,
				C880B0B7273A2B6300590586 /* GameScene.swift in Sources */,
				C81B962B273D85E500249A13 /* Player.swift in Sources */,
				C8338382273D9C4D00B78B63 /* TilemapLoader.swift in Sources */,
				C880B0B1273A2B6300590586 /* AppDelegate.swift in Sources */,
			);
			runOnlyForDeploymentPostprocessing = 0;
		};
/* End PBXSourcesBuildPhase section */

/* Begin PBXVariantGroup section */
		C880B0BC273A2B6400590586 /* Main.storyboard */ = {
			isa = PBXVariantGroup;
			children = (
				C880B0BD273A2B6400590586 /* Base */,
			);
			name = Main.storyboard;
			sourceTree = "<group>";
		};
/* End PBXVariantGroup section */

/* Begin XCBuildConfiguration section */
		C880B0C0273A2B6400590586 /* Debug */ = {
			isa = XCBuildConfiguration;
			buildSettings = {
				ALWAYS_SEARCH_USER_PATHS = NO;
				CLANG_ANALYZER_NONNULL = YES;
				CLANG_ANALYZER_NUMBER_OBJECT_CONVERSION = YES_AGGRESSIVE;
				CLANG_CXX_LANGUAGE_STANDARD = "gnu++17";
				CLANG_CXX_LIBRARY = "libc++";
				CLANG_ENABLE_MODULES = YES;
				CLANG_ENABLE_OBJC_ARC = YES;
				CLANG_ENABLE_OBJC_WEAK = YES;
				CLANG_WARN_BLOCK_CAPTURE_AUTORELEASING = YES;
				CLANG_WARN_BOOL_CONVERSION = YES;
				CLANG_WARN_COMMA = YES;
				CLANG_WARN_CONSTANT_CONVERSION = YES;
				CLANG_WARN_DEPRECATED_OBJC_IMPLEMENTATIONS = YES;
				CLANG_WARN_DIRECT_OBJC_ISA_USAGE = YES_ERROR;
				CLANG_WARN_DOCUMENTATION_COMMENTS = YES;
				CLANG_WARN_EMPTY_BODY = YES;
				CLANG_WARN_ENUM_CONVERSION = YES;
				CLANG_WARN_INFINITE_RECURSION = YES;
				CLANG_WARN_INT_CONVERSION = YES;
				CLANG_WARN_NON_LITERAL_NULL_CONVERSION = YES;
				CLANG_WARN_OBJC_IMPLICIT_RETAIN_SELF = YES;
				CLANG_WARN_OBJC_LITERAL_CONVERSION = YES;
				CLANG_WARN_OBJC_ROOT_CLASS = YES_ERROR;
				CLANG_WARN_QUOTED_INCLUDE_IN_FRAMEWORK_HEADER = YES;
				CLANG_WARN_RANGE_LOOP_ANALYSIS = YES;
				CLANG_WARN_STRICT_PROTOTYPES = YES;
				CLANG_WARN_SUSPICIOUS_MOVE = YES;
				CLANG_WARN_UNGUARDED_AVAILABILITY = YES_AGGRESSIVE;
				CLANG_WARN_UNREACHABLE_CODE = YES;
				CLANG_WARN__DUPLICATE_METHOD_MATCH = YES;
				COPY_PHASE_STRIP = NO;
				DEBUG_INFORMATION_FORMAT = dwarf;
				ENABLE_STRICT_OBJC_MSGSEND = YES;
				ENABLE_TESTABILITY = YES;
				GCC_C_LANGUAGE_STANDARD = gnu11;
				GCC_DYNAMIC_NO_PIC = NO;
				GCC_NO_COMMON_BLOCKS = YES;
				GCC_OPTIMIZATION_LEVEL = 0;
				GCC_PREPROCESSOR_DEFINITIONS = (
					"DEBUG=1",
					"$(inherited)",
				);
				GCC_WARN_64_TO_32_BIT_CONVERSION = YES;
				GCC_WARN_ABOUT_RETURN_TYPE = YES_ERROR;
				GCC_WARN_UNDECLARED_SELECTOR = YES;
				GCC_WARN_UNINITIALIZED_AUTOS = YES_AGGRESSIVE;
				GCC_WARN_UNUSED_FUNCTION = YES;
				GCC_WARN_UNUSED_VARIABLE = YES;
				MACOSX_DEPLOYMENT_TARGET = 12.0;
				MTL_ENABLE_DEBUG_INFO = INCLUDE_SOURCE;
				MTL_FAST_MATH = YES;
				ONLY_ACTIVE_ARCH = YES;
				SDKROOT = macosx;
				SWIFT_ACTIVE_COMPILATION_CONDITIONS = DEBUG;
				SWIFT_OPTIMIZATION_LEVEL = "-Onone";
			};
			name = Debug;
		};
		C880B0C1273A2B6400590586 /* Release */ = {
			isa = XCBuildConfiguration;
			buildSettings = {
				ALWAYS_SEARCH_USER_PATHS = NO;
				CLANG_ANALYZER_NONNULL = YES;
				CLANG_ANALYZER_NUMBER_OBJECT_CONVERSION = YES_AGGRESSIVE;
				CLANG_CXX_LANGUAGE_STANDARD = "gnu++17";
				CLANG_CXX_LIBRARY = "libc++";
				CLANG_ENABLE_MODULES = YES;
				CLANG_ENABLE_OBJC_ARC = YES;
				CLANG_ENABLE_OBJC_WEAK = YES;
				CLANG_WARN_BLOCK_CAPTURE_AUTORELEASING = YES;
				CLANG_WARN_BOOL_CONVERSION = YES;
				CLANG_WARN_COMMA = YES;
				CLANG_WARN_CONSTANT_CONVERSION = YES;
				CLANG_WARN_DEPRECATED_OBJC_IMPLEMENTATIONS = YES;
				CLANG_WARN_DIRECT_OBJC_ISA_USAGE = YES_ERROR;
				CLANG_WARN_DOCUMENTATION_COMMENTS = YES;
				CLANG_WARN_EMPTY_BODY = YES;
				CLANG_WARN_ENUM_CONVERSION = YES;
				CLANG_WARN_INFINITE_RECURSION = YES;
				CLANG_WARN_INT_CONVERSION = YES;
				CLANG_WARN_NON_LITERAL_NULL_CONVERSION = YES;
				CLANG_WARN_OBJC_IMPLICIT_RETAIN_SELF = YES;
				CLANG_WARN_OBJC_LITERAL_CONVERSION = YES;
				CLANG_WARN_OBJC_ROOT_CLASS = YES_ERROR;
				CLANG_WARN_QUOTED_INCLUDE_IN_FRAMEWORK_HEADER = YES;
				CLANG_WARN_RANGE_LOOP_ANALYSIS = YES;
				CLANG_WARN_STRICT_PROTOTYPES = YES;
				CLANG_WARN_SUSPICIOUS_MOVE = YES;
				CLANG_WARN_UNGUARDED_AVAILABILITY = YES_AGGRESSIVE;
				CLANG_WARN_UNREACHABLE_CODE = YES;
				CLANG_WARN__DUPLICATE_METHOD_MATCH = YES;
				COPY_PHASE_STRIP = NO;
				DEBUG_INFORMATION_FORMAT = "dwarf-with-dsym";
				ENABLE_NS_ASSERTIONS = NO;
				ENABLE_STRICT_OBJC_MSGSEND = YES;
				GCC_C_LANGUAGE_STANDARD = gnu11;
				GCC_NO_COMMON_BLOCKS = YES;
				GCC_WARN_64_TO_32_BIT_CONVERSION = YES;
				GCC_WARN_ABOUT_RETURN_TYPE = YES_ERROR;
				GCC_WARN_UNDECLARED_SELECTOR = YES;
				GCC_WARN_UNINITIALIZED_AUTOS = YES_AGGRESSIVE;
				GCC_WARN_UNUSED_FUNCTION = YES;
				GCC_WARN_UNUSED_VARIABLE = YES;
				MACOSX_DEPLOYMENT_TARGET = 12.0;
				MTL_ENABLE_DEBUG_INFO = NO;
				MTL_FAST_MATH = YES;
				SDKROOT = macosx;
				SWIFT_COMPILATION_MODE = wholemodule;
				SWIFT_OPTIMIZATION_LEVEL = "-O";
			};
			name = Release;
		};
		C880B0C3273A2B6400590586 /* Debug */ = {
			isa = XCBuildConfiguration;
			buildSettings = {
				ASSETCATALOG_COMPILER_APPICON_NAME = AppIcon;
				ASSETCATALOG_COMPILER_GLOBAL_ACCENT_COLOR_NAME = AccentColor;
				CODE_SIGN_ENTITLEMENTS = gamejam/gamejam.entitlements;
				CODE_SIGN_STYLE = Automatic;
				COMBINE_HIDPI_IMAGES = YES;
				CURRENT_PROJECT_VERSION = 1;
				GENERATE_INFOPLIST_FILE = YES;
				INFOPLIST_KEY_NSHumanReadableCopyright = "";
				INFOPLIST_KEY_NSMainStoryboardFile = Main;
				INFOPLIST_KEY_NSPrincipalClass = NSApplication;
				LD_RUNPATH_SEARCH_PATHS = (
					"$(inherited)",
					"@executable_path/../Frameworks",
				);
				MARKETING_VERSION = 1.0;
				PRODUCT_BUNDLE_IDENTIFIER = mgmarlow.gamejam;
				PRODUCT_NAME = "$(TARGET_NAME)";
				SWIFT_EMIT_LOC_STRINGS = YES;
				SWIFT_VERSION = 5.0;
			};
			name = Debug;
		};
		C880B0C4273A2B6400590586 /* Release */ = {
			isa = XCBuildConfiguration;
			buildSettings = {
				ASSETCATALOG_COMPILER_APPICON_NAME = AppIcon;
				ASSETCATALOG_COMPILER_GLOBAL_ACCENT_COLOR_NAME = AccentColor;
				CODE_SIGN_ENTITLEMENTS = gamejam/gamejam.entitlements;
				CODE_SIGN_STYLE = Automatic;
				COMBINE_HIDPI_IMAGES = YES;
				CURRENT_PROJECT_VERSION = 1;
				GENERATE_INFOPLIST_FILE = YES;
				INFOPLIST_KEY_NSHumanReadableCopyright = "";
				INFOPLIST_KEY_NSMainStoryboardFile = Main;
				INFOPLIST_KEY_NSPrincipalClass = NSApplication;
				LD_RUNPATH_SEARCH_PATHS = (
					"$(inherited)",
					"@executable_path/../Frameworks",
				);
				MARKETING_VERSION = 1.0;
				PRODUCT_BUNDLE_IDENTIFIER = mgmarlow.gamejam;
				PRODUCT_NAME = "$(TARGET_NAME)";
				SWIFT_EMIT_LOC_STRINGS = YES;
				SWIFT_VERSION = 5.0;
			};
			name = Release;
		};
/* End XCBuildConfiguration section */

/* Begin XCConfigurationList section */
		C880B0A8273A2B6300590586 /* Build configuration list for PBXProject "gamejam" */ = {
			isa = XCConfigurationList;
			buildConfigurations = (
				C880B0C0273A2B6400590586 /* Debug */,
				C880B0C1273A2B6400590586 /* Release */,
			);
			defaultConfigurationIsVisible = 0;
			defaultConfigurationName = Release;
		};
		C880B0C2273A2B6400590586 /* Build configuration list for PBXNativeTarget "gamejam" */ = {
			isa = XCConfigurationList;
			buildConfigurations = (
				C880B0C3273A2B6400590586 /* Debug */,
				C880B0C4273A2B6400590586 /* Release */,
			);
			defaultConfigurationIsVisible = 0;
			defaultConfigurationName = Release;
		};
/* End XCConfigurationList section */
	};
	rootObject = C880B0A5273A2B6300590586 /* Project object */;
}
